// !$*UTF8*$!
{
	archiveVersion = 1;
	classes = {
	};
	objectVersion = 56;
	objects = {

/* Begin PBXBuildFile section */
		72231B8A2C79F3C600920C23 /* LoginView.swift in Sources */ = {isa = PBXBuildFile; fileRef = 72231B892C79F3C600920C23 /* LoginView.swift */; };
		72231B8C2C79F4C600920C23 /* InputView.swift in Sources */ = {isa = PBXBuildFile; fileRef = 72231B8B2C79F4C600920C23 /* InputView.swift */; };
		726B4F2B2C79EAB80053C0B9 /* FirebaseAuthApp.swift in Sources */ = {isa = PBXBuildFile; fileRef = 726B4F2A2C79EAB80053C0B9 /* FirebaseAuthApp.swift */; };
		726B4F2D2C79EAB80053C0B9 /* ContentView.swift in Sources */ = {isa = PBXBuildFile; fileRef = 726B4F2C2C79EAB80053C0B9 /* ContentView.swift */; };
		726B4F2F2C79EABA0053C0B9 /* Assets.xcassets in Resources */ = {isa = PBXBuildFile; fileRef = 726B4F2E2C79EABA0053C0B9 /* Assets.xcassets */; };
		726B4F322C79EABA0053C0B9 /* Preview Assets.xcassets in Resources */ = {isa = PBXBuildFile; fileRef = 726B4F312C79EABA0053C0B9 /* Preview Assets.xcassets */; };
/* End PBXBuildFile section */

/* Begin PBXFileReference section */
		72231B892C79F3C600920C23 /* LoginView.swift */ = {isa = PBXFileReference; lastKnownFileType = sourcecode.swift; path = LoginView.swift; sourceTree = "<group>"; };
		72231B8B2C79F4C600920C23 /* InputView.swift */ = {isa = PBXFileReference; lastKnownFileType = sourcecode.swift; path = InputView.swift; sourceTree = "<group>"; };
		726B4F272C79EAB80053C0B9 /* FirebaseAuth.app */ = {isa = PBXFileReference; explicitFileType = wrapper.application; includeInIndex = 0; path = FirebaseAuth.app; sourceTree = BUILT_PRODUCTS_DIR; };
		726B4F2A2C79EAB80053C0B9 /* FirebaseAuthApp.swift */ = {isa = PBXFileReference; lastKnownFileType = sourcecode.swift; path = FirebaseAuthApp.swift; sourceTree = "<group>"; };
		726B4F2C2C79EAB80053C0B9 /* ContentView.swift */ = {isa = PBXFileReference; lastKnownFileType = sourcecode.swift; path = ContentView.swift; sourceTree = "<group>"; };
		726B4F2E2C79EABA0053C0B9 /* Assets.xcassets */ = {isa = PBXFileReference; lastKnownFileType = folder.assetcatalog; path = Assets.xcassets; sourceTree = "<group>"; };
		726B4F312C79EABA0053C0B9 /* Preview Assets.xcassets */ = {isa = PBXFileReference; lastKnownFileType = folder.assetcatalog; path = "Preview Assets.xcassets"; sourceTree = "<group>"; };
/* End PBXFileReference section */

/* Begin PBXFrameworksBuildPhase section */
		726B4F242C79EAB80053C0B9 /* Frameworks */ = {
			isa = PBXFrameworksBuildPhase;
			buildActionMask = 2147483647;
			files = (
			);
			runOnlyForDeploymentPostprocessing = 0;
		};
/* End PBXFrameworksBuildPhase section */

/* Begin PBXGroup section */
		72231B812C79F2C800920C23 /* App */ = {
			isa = PBXGroup;
			children = (
				726B4F2A2C79EAB80053C0B9 /* FirebaseAuthApp.swift */,
			);
			path = App;
			sourceTree = "<group>";
		};
		72231B832C79F2E000920C23 /* Components */ = {
			isa = PBXGroup;
			children = (
				72231B8B2C79F4C600920C23 /* InputView.swift */,
			);
			path = Components;
			sourceTree = "<group>";
		};
		72231B842C79F2F200920C23 /* Core */ = {
			isa = PBXGroup;
			children = (
				72231B872C79F34800920C23 /* Authentication */,
				72231B882C79F35600920C23 /* Profile */,
				72231B862C79F32C00920C23 /* Root */,
			);
			path = Core;
			sourceTree = "<group>";
		};
		72231B852C79F2FF00920C23 /* Model */ = {
			isa = PBXGroup;
			children = (
			);
			path = Model;
			sourceTree = "<group>";
		};
		72231B862C79F32C00920C23 /* Root */ = {
			isa = PBXGroup;
			children = (
				726B4F2C2C79EAB80053C0B9 /* ContentView.swift */,
			);
			path = Root;
			sourceTree = "<group>";
		};
		72231B872C79F34800920C23 /* Authentication */ = {
			isa = PBXGroup;
			children = (
				72231B892C79F3C600920C23 /* LoginView.swift */,
			);
			path = Authentication;
			sourceTree = "<group>";
		};
		72231B882C79F35600920C23 /* Profile */ = {
			isa = PBXGroup;
			children = (
			);
			path = Profile;
			sourceTree = "<group>";
		};
		726B4F1E2C79EAB80053C0B9 = {
			isa = PBXGroup;
			children = (
				726B4F292C79EAB80053C0B9 /* FirebaseAuth */,
				726B4F282C79EAB80053C0B9 /* Products */,
			);
			sourceTree = "<group>";
		};
		726B4F282C79EAB80053C0B9 /* Products */ = {
			isa = PBXGroup;
			children = (
				726B4F272C79EAB80053C0B9 /* FirebaseAuth.app */,
			);
			name = Products;
			sourceTree = "<group>";
		};
		726B4F292C79EAB80053C0B9 /* FirebaseAuth */ = {
			isa = PBXGroup;
			children = (
				72231B852C79F2FF00920C23 /* Model */,
				72231B842C79F2F200920C23 /* Core */,
				72231B832C79F2E000920C23 /* Components */,
				72231B812C79F2C800920C23 /* App */,
				726B4F2E2C79EABA0053C0B9 /* Assets.xcassets */,
				726B4F302C79EABA0053C0B9 /* Preview Content */,
			);
			path = FirebaseAuth;
			sourceTree = "<group>";
		};
		726B4F302C79EABA0053C0B9 /* Preview Content */ = {
			isa = PBXGroup;
			children = (
				726B4F312C79EABA0053C0B9 /* Preview Assets.xcassets */,
			);
			path = "Preview Content";
			sourceTree = "<group>";
		};
/* End PBXGroup section */

/* Begin PBXNativeTarget section */
		726B4F262C79EAB80053C0B9 /* FirebaseAuth */ = {
			isa = PBXNativeTarget;
			buildConfigurationList = 726B4F352C79EABA0053C0B9 /* Build configuration list for PBXNativeTarget "FirebaseAuth" */;
			buildPhases = (
				726B4F232C79EAB80053C0B9 /* Sources */,
				726B4F242C79EAB80053C0B9 /* Frameworks */,
				726B4F252C79EAB80053C0B9 /* Resources */,
			);
			buildRules = (
			);
			dependencies = (
			);
			name = FirebaseAuth;
			productName = FirebaseAuth;
			productReference = 726B4F272C79EAB80053C0B9 /* FirebaseAuth.app */;
			productType = "com.apple.product-type.application";
		};
/* End PBXNativeTarget section */

/* Begin PBXProject section */
		726B4F1F2C79EAB80053C0B9 /* Project object */ = {
			isa = PBXProject;
			attributes = {
				BuildIndependentTargetsInParallel = 1;
				LastSwiftUpdateCheck = 1540;
				LastUpgradeCheck = 1540;
				TargetAttributes = {
					726B4F262C79EAB80053C0B9 = {
						CreatedOnToolsVersion = 15.4;
					};
				};
			};
			buildConfigurationList = 726B4F222C79EAB80053C0B9 /* Build configuration list for PBXProject "FirebaseAuth" */;
			compatibilityVersion = "Xcode 14.0";
			developmentRegion = en;
			hasScannedForEncodings = 0;
			knownRegions = (
				en,
				Base,
			);
			mainGroup = 726B4F1E2C79EAB80053C0B9;
			productRefGroup = 726B4F282C79EAB80053C0B9 /* Products */;
			projectDirPath = "";
			projectRoot = "";
			targets = (
				726B4F262C79EAB80053C0B9 /* FirebaseAuth */,
			);
		};
/* End PBXProject section */

/* Begin PBXResourcesBuildPhase section */
		726B4F252C79EAB80053C0B9 /* Resources */ = {
			isa = PBXResourcesBuildPhase;
			buildActionMask = 2147483647;
			files = (
				726B4F322C79EABA0053C0B9 /* Preview Assets.xcassets in Resources */,
				726B4F2F2C79EABA0053C0B9 /* Assets.xcassets in Resources */,
			);
			runOnlyForDeploymentPostprocessing = 0;
		};
/* End PBXResourcesBuildPhase section */

/* Begin PBXSourcesBuildPhase section */
		726B4F232C79EAB80053C0B9 /* Sources */ = {
			isa = PBXSourcesBuildPhase;
			buildActionMask = 2147483647;
			files = (
				72231B8A2C79F3C600920C23 /* LoginView.swift in Sources */,
				72231B8C2C79F4C600920C23 /* InputView.swift in Sources */,
				726B4F2D2C79EAB80053C0B9 /* ContentView.swift in Sources */,
				726B4F2B2C79EAB80053C0B9 /* FirebaseAuthApp.swift in Sources */,
			);
			runOnlyForDeploymentPostprocessing = 0;
		};
/* End PBXSourcesBuildPhase section */

/* Begin XCBuildConfiguration section */
		726B4F332C79EABA0053C0B9 /* Debug */ = {
			isa = XCBuildConfiguration;
			buildSettings = {
				ALWAYS_SEARCH_USER_PATHS = NO;
				ASSETCATALOG_COMPILER_GENERATE_SWIFT_ASSET_SYMBOL_EXTENSIONS = YES;
				CLANG_ANALYZER_NONNULL = YES;
				CLANG_ANALYZER_NUMBER_OBJECT_CONVERSION = YES_AGGRESSIVE;
				CLANG_CXX_LANGUAGE_STANDARD = "gnu++20";
				CLANG_ENABLE_MODULES = YES;
				CLANG_ENABLE_OBJC_ARC = YES;
				CLANG_ENABLE_OBJC_WEAK = YES;
				CLANG_WARN_BLOCK_CAPTURE_AUTORELEASING = YES;
				CLANG_WARN_BOOL_CONVERSION = YES;
				CLANG_WARN_COMMA = YES;
				CLANG_WARN_CONSTANT_CONVERSION = YES;
				CLANG_WARN_DEPRECATED_OBJC_IMPLEMENTATIONS = YES;
				CLANG_WARN_DIRECT_OBJC_ISA_USAGE = YES_ERROR;
				CLANG_WARN_DOCUMENTATION_COMMENTS = YES;
				CLANG_WARN_EMPTY_BODY = YES;
				CLANG_WARN_ENUM_CONVERSION = YES;
				CLANG_WARN_INFINITE_RECURSION = YES;
				CLANG_WARN_INT_CONVERSION = YES;
				CLANG_WARN_NON_LITERAL_NULL_CONVERSION = YES;
				CLANG_WARN_OBJC_IMPLICIT_RETAIN_SELF = YES;
				CLANG_WARN_OBJC_LITERAL_CONVERSION = YES;
				CLANG_WARN_OBJC_ROOT_CLASS = YES_ERROR;
				CLANG_WARN_QUOTED_INCLUDE_IN_FRAMEWORK_HEADER = YES;
				CLANG_WARN_RANGE_LOOP_ANALYSIS = YES;
				CLANG_WARN_STRICT_PROTOTYPES = YES;
				CLANG_WARN_SUSPICIOUS_MOVE = YES;
				CLANG_WARN_UNGUARDED_AVAILABILITY = YES_AGGRESSIVE;
				CLANG_WARN_UNREACHABLE_CODE = YES;
				CLANG_WARN__DUPLICATE_METHOD_MATCH = YES;
				COPY_PHASE_STRIP = NO;
				DEBUG_INFORMATION_FORMAT = dwarf;
				ENABLE_STRICT_OBJC_MSGSEND = YES;
				ENABLE_TESTABILITY = YES;
				ENABLE_USER_SCRIPT_SANDBOXING = YES;
				GCC_C_LANGUAGE_STANDARD = gnu17;
				GCC_DYNAMIC_NO_PIC = NO;
				GCC_NO_COMMON_BLOCKS = YES;
				GCC_OPTIMIZATION_LEVEL = 0;
				GCC_PREPROCESSOR_DEFINITIONS = (
					"DEBUG=1",
					"$(inherited)",
				);
				GCC_WARN_64_TO_32_BIT_CONVERSION = YES;
				GCC_WARN_ABOUT_RETURN_TYPE = YES_ERROR;
				GCC_WARN_UNDECLARED_SELECTOR = YES;
				GCC_WARN_UNINITIALIZED_AUTOS = YES_AGGRESSIVE;
				GCC_WARN_UNUSED_FUNCTION = YES;
				GCC_WARN_UNUSED_VARIABLE = YES;
				IPHONEOS_DEPLOYMENT_TARGET = 17.5;
				LOCALIZATION_PREFERS_STRING_CATALOGS = YES;
				MTL_ENABLE_DEBUG_INFO = INCLUDE_SOURCE;
				MTL_FAST_MATH = YES;
				ONLY_ACTIVE_ARCH = YES;
				SDKROOT = iphoneos;
				SWIFT_ACTIVE_COMPILATION_CONDITIONS = "DEBUG $(inherited)";
				SWIFT_OPTIMIZATION_LEVEL = "-Onone";
			};
			name = Debug;
		};
		726B4F342C79EABA0053C0B9 /* Release */ = {
			isa = XCBuildConfiguration;
			buildSettings = {
				ALWAYS_SEARCH_USER_PATHS = NO;
				ASSETCATALOG_COMPILER_GENERATE_SWIFT_ASSET_SYMBOL_EXTENSIONS = YES;
				CLANG_ANALYZER_NONNULL = YES;
				CLANG_ANALYZER_NUMBER_OBJECT_CONVERSION = YES_AGGRESSIVE;
				CLANG_CXX_LANGUAGE_STANDARD = "gnu++20";
				CLANG_ENABLE_MODULES = YES;
				CLANG_ENABLE_OBJC_ARC = YES;
				CLANG_ENABLE_OBJC_WEAK = YES;
				CLANG_WARN_BLOCK_CAPTURE_AUTORELEASING = YES;
				CLANG_WARN_BOOL_CONVERSION = YES;
				CLANG_WARN_COMMA = YES;
				CLANG_WARN_CONSTANT_CONVERSION = YES;
				CLANG_WARN_DEPRECATED_OBJC_IMPLEMENTATIONS = YES;
				CLANG_WARN_DIRECT_OBJC_ISA_USAGE = YES_ERROR;
				CLANG_WARN_DOCUMENTATION_COMMENTS = YES;
				CLANG_WARN_EMPTY_BODY = YES;
				CLANG_WARN_ENUM_CONVERSION = YES;
				CLANG_WARN_INFINITE_RECURSION = YES;
				CLANG_WARN_INT_CONVERSION = YES;
				CLANG_WARN_NON_LITERAL_NULL_CONVERSION = YES;
				CLANG_WARN_OBJC_IMPLICIT_RETAIN_SELF = YES;
				CLANG_WARN_OBJC_LITERAL_CONVERSION = YES;
				CLANG_WARN_OBJC_ROOT_CLASS = YES_ERROR;
				CLANG_WARN_QUOTED_INCLUDE_IN_FRAMEWORK_HEADER = YES;
				CLANG_WARN_RANGE_LOOP_ANALYSIS = YES;
				CLANG_WARN_STRICT_PROTOTYPES = YES;
				CLANG_WARN_SUSPICIOUS_MOVE = YES;
				CLANG_WARN_UNGUARDED_AVAILABILITY = YES_AGGRESSIVE;
				CLANG_WARN_UNREACHABLE_CODE = YES;
				CLANG_WARN__DUPLICATE_METHOD_MATCH = YES;
				COPY_PHASE_STRIP = NO;
				DEBUG_INFORMATION_FORMAT = "dwarf-with-dsym";
				ENABLE_NS_ASSERTIONS = NO;
				ENABLE_STRICT_OBJC_MSGSEND = YES;
				ENABLE_USER_SCRIPT_SANDBOXING = YES;
				GCC_C_LANGUAGE_STANDARD = gnu17;
				GCC_NO_COMMON_BLOCKS = YES;
				GCC_WARN_64_TO_32_BIT_CONVERSION = YES;
				GCC_WARN_ABOUT_RETURN_TYPE = YES_ERROR;
				GCC_WARN_UNDECLARED_SELECTOR = YES;
				GCC_WARN_UNINITIALIZED_AUTOS = YES_AGGRESSIVE;
				GCC_WARN_UNUSED_FUNCTION = YES;
				GCC_WARN_UNUSED_VARIABLE = YES;
				IPHONEOS_DEPLOYMENT_TARGET = 17.5;
				LOCALIZATION_PREFERS_STRING_CATALOGS = YES;
				MTL_ENABLE_DEBUG_INFO = NO;
				MTL_FAST_MATH = YES;
				SDKROOT = iphoneos;
				SWIFT_COMPILATION_MODE = wholemodule;
				VALIDATE_PRODUCT = YES;
			};
			name = Release;
		};
		726B4F362C79EABA0053C0B9 /* Debug */ = {
			isa = XCBuildConfiguration;
			buildSettings = {
				ASSETCATALOG_COMPILER_APPICON_NAME = AppIcon;
				ASSETCATALOG_COMPILER_GLOBAL_ACCENT_COLOR_NAME = AccentColor;
				CODE_SIGN_STYLE = Automatic;
				CURRENT_PROJECT_VERSION = 1;
				DEVELOPMENT_ASSET_PATHS = "\"FirebaseAuth/Preview Content\"";
				DEVELOPMENT_TEAM = 7HV7JSCX3A;
				ENABLE_PREVIEWS = YES;
				GENERATE_INFOPLIST_FILE = YES;
				INFOPLIST_KEY_UIApplicationSceneManifest_Generation = YES;
				INFOPLIST_KEY_UIApplicationSupportsIndirectInputEvents = YES;
				INFOPLIST_KEY_UILaunchScreen_Generation = YES;
				INFOPLIST_KEY_UISupportedInterfaceOrientations_iPad = "UIInterfaceOrientationPortrait UIInterfaceOrientationPortraitUpsideDown UIInterfaceOrientationLandscapeLeft UIInterfaceOrientationLandscapeRight";
				INFOPLIST_KEY_UISupportedInterfaceOrientations_iPhone = "UIInterfaceOrientationPortrait UIInterfaceOrientationLandscapeLeft UIInterfaceOrientationLandscapeRight";
				LD_RUNPATH_SEARCH_PATHS = (
					"$(inherited)",
					"@executable_path/Frameworks",
				);
				MARKETING_VERSION = 1.0;
				PRODUCT_BUNDLE_IDENTIFIER = caption.com.FirebaseAuth;
				PRODUCT_NAME = "$(TARGET_NAME)";
				SWIFT_EMIT_LOC_STRINGS = YES;
				SWIFT_VERSION = 5.0;
				TARGETED_DEVICE_FAMILY = "1,2";
			};
			name = Debug;
		};
		726B4F372C79EABA0053C0B9 /* Release */ = {
			isa = XCBuildConfiguration;
			buildSettings = {
				ASSETCATALOG_COMPILER_APPICON_NAME = AppIcon;
				ASSETCATALOG_COMPILER_GLOBAL_ACCENT_COLOR_NAME = AccentColor;
				CODE_SIGN_STYLE = Automatic;
				CURRENT_PROJECT_VERSION = 1;
				DEVELOPMENT_ASSET_PATHS = "\"FirebaseAuth/Preview Content\"";
				DEVELOPMENT_TEAM = 7HV7JSCX3A;
				ENABLE_PREVIEWS = YES;
				GENERATE_INFOPLIST_FILE = YES;
				INFOPLIST_KEY_UIApplicationSceneManifest_Generation = YES;
				INFOPLIST_KEY_UIApplicationSupportsIndirectInputEvents = YES;
				INFOPLIST_KEY_UILaunchScreen_Generation = YES;
				INFOPLIST_KEY_UISupportedInterfaceOrientations_iPad = "UIInterfaceOrientationPortrait UIInterfaceOrientationPortraitUpsideDown UIInterfaceOrientationLandscapeLeft UIInterfaceOrientationLandscapeRight";
				INFOPLIST_KEY_UISupportedInterfaceOrientations_iPhone = "UIInterfaceOrientationPortrait UIInterfaceOrientationLandscapeLeft UIInterfaceOrientationLandscapeRight";
				LD_RUNPATH_SEARCH_PATHS = (
					"$(inherited)",
					"@executable_path/Frameworks",
				);
				MARKETING_VERSION = 1.0;
				PRODUCT_BUNDLE_IDENTIFIER = caption.com.FirebaseAuth;
				PRODUCT_NAME = "$(TARGET_NAME)";
				SWIFT_EMIT_LOC_STRINGS = YES;
				SWIFT_VERSION = 5.0;
				TARGETED_DEVICE_FAMILY = "1,2";
			};
			name = Release;
		};
/* End XCBuildConfiguration section */

/* Begin XCConfigurationList section */
		726B4F222C79EAB80053C0B9 /* Build configuration list for PBXProject "FirebaseAuth" */ = {
			isa = XCConfigurationList;
			buildConfigurations = (
				726B4F332C79EABA0053C0B9 /* Debug */,
				726B4F342C79EABA0053C0B9 /* Release */,
			);
			defaultConfigurationIsVisible = 0;
			defaultConfigurationName = Release;
		};
		726B4F352C79EABA0053C0B9 /* Build configuration list for PBXNativeTarget "FirebaseAuth" */ = {
			isa = XCConfigurationList;
			buildConfigurations = (
				726B4F362C79EABA0053C0B9 /* Debug */,
				726B4F372C79EABA0053C0B9 /* Release */,
			);
			defaultConfigurationIsVisible = 0;
			defaultConfigurationName = Release;
		};
/* End XCConfigurationList section */
	};
	rootObject = 726B4F1F2C79EAB80053C0B9 /* Project object */;
}
